
Microsoft Visual Studio Solution File, Format Version 12.00
Project("{FAE04EC0-301F-11D3-BF4B-00C04F79EFBC}") = "Zapper.Console", "Zapper.Console\Zapper.Console.csproj", "{AF7B3D1E-C082-486A-B14A-FBB4DCEE1DEA}"
EndProject
Project("{FAE04EC0-301F-11D3-BF4B-00C04F79EFBC}") = "Zapper.Web", "Zapper.Web\Zapper.Web.csproj", "{61094F5A-6EC4-47F1-B4BC-7CA37E0DB390}"
EndProject
Project("{FAE04EC0-301F-11D3-BF4B-00C04F79EFBC}") = "Zapper.Core", "Zapper.Core\Zapper.Core.csproj", "{CCD32B64-75F9-44BD-8232-30B25FA7DFEC}"
EndProject
Global
	GlobalSection(SolutionConfigurationPlatforms) = preSolution
		Debug|Any CPU = Debug|Any CPU
		Release|Any CPU = Release|Any CPU
	EndGlobalSection
	GlobalSection(ProjectConfigurationPlatforms) = postSolution
		{AF7B3D1E-C082-486A-B14A-FBB4DCEE1DEA}.Debug|Any CPU.ActiveCfg = Debug|Any CPU
		{AF7B3D1E-C082-486A-B14A-FBB4DCEE1DEA}.Debug|Any CPU.Build.0 = Debug|Any CPU
		{AF7B3D1E-C082-486A-B14A-FBB4DCEE1DEA}.Release|Any CPU.ActiveCfg = Release|Any CPU
		{AF7B3D1E-C082-486A-B14A-FBB4DCEE1DEA}.Release|Any CPU.Build.0 = Release|Any CPU
		{61094F5A-6EC4-47F1-B4BC-7CA37E0DB390}.Debug|Any CPU.ActiveCfg = Debug|Any CPU
		{61094F5A-6EC4-47F1-B4BC-7CA37E0DB390}.Debug|Any CPU.Build.0 = Debug|Any CPU
		{61094F5A-6EC4-47F1-B4BC-7CA37E0DB390}.Release|Any CPU.ActiveCfg = Release|Any CPU
		{61094F5A-6EC4-47F1-B4BC-7CA37E0DB390}.Release|Any CPU.Build.0 = Release|Any CPU
		{CCD32B64-75F9-44BD-8232-30B25FA7DFEC}.Debug|Any CPU.ActiveCfg = Debug|Any CPU
		{CCD32B64-75F9-44BD-8232-30B25FA7DFEC}.Debug|Any CPU.Build.0 = Debug|Any CPU
		{CCD32B64-75F9-44BD-8232-30B25FA7DFEC}.Release|Any CPU.ActiveCfg = Release|Any CPU
		{CCD32B64-75F9-44BD-8232-30B25FA7DFEC}.Release|Any CPU.Build.0 = Release|Any CPU
	EndGlobalSection
EndGlobal
