
Microsoft Visual Studio Solution File, Format Version 12.00
# Visual Studio Version 17
VisualStudioVersion = 17.5.2.0
MinimumVisualStudioVersion = 10.0.40219.1
Project("{FAE04EC0-301F-11D3-BF4B-00C04F79EFBC}") = "Zapper.Core", "Zapper.Core\Zapper.Core.csproj", "{5AFED5A4-52C6-49A2-B552-72BCF23A9550}"
EndProject
Project("{FAE04EC0-301F-11D3-BF4B-00C04F79EFBC}") = "Zapper.Data", "Zapper.Data\Zapper.Data.csproj", "{7188FCBE-2540-4957-9F44-37BB30E59C16}"
EndProject
Project("{FAE04EC0-301F-11D3-BF4B-00C04F79EFBC}") = "Zapper.Services", "Zapper.Services\Zapper.Services.csproj", "{32F778FE-9226-4EC0-8235-7FA6B019E98E}"
EndProject
Project("{FAE04EC0-301F-11D3-BF4B-00C04F79EFBC}") = "Zapper.API", "Zapper.API\Zapper.API.csproj", "{010BCB6C-5B8C-4B52-99B4-1577DBE33A3F}"
EndProject
Project("{FAE04EC0-301F-11D3-BF4B-00C04F79EFBC}") = "Zapper.Host", "Zapper.Host\Zapper.Host.csproj", "{476C8D72-B6D0-4221-9277-4608E85C3E7B}"
EndProject
Project("{FAE04EC0-301F-11D3-BF4B-00C04F79EFBC}") = "Zapper.Blazor", "Zapper.Blazor\Zapper.Blazor.csproj", "{EF163B2E-27C5-4043-AF2C-5B754A21C76D}"
EndProject
Project("{FAE04EC0-301F-11D3-BF4B-00C04F79EFBC}") = "Zapper.Device.Contracts", "Zapper.Device.Contracts\Zapper.Device.Contracts.csproj", "{F70C1732-C944-47AC-A061-7A4A3C8738DB}"
EndProject
Project("{FAE04EC0-301F-11D3-BF4B-00C04F79EFBC}") = "Zapper.Device.Infrared", "Zapper.Device.Infrared\Zapper.Device.Infrared.csproj", "{DCEF2E58-3B1D-4863-A68A-107256E52A27}"
EndProject
Project("{FAE04EC0-301F-11D3-BF4B-00C04F79EFBC}") = "Zapper.Device.Bluetooth", "Zapper.Device.Bluetooth\Zapper.Device.Bluetooth.csproj", "{FD7BB19F-6294-4677-8356-335C7D81AC3E}"
EndProject
Project("{FAE04EC0-301F-11D3-BF4B-00C04F79EFBC}") = "Zapper.Device.WebOS", "Zapper.Device.WebOS\Zapper.Device.WebOS.csproj", "{8BD2AEFD-D668-49A3-86A5-D04E945F5E5A}"
EndProject
Project("{FAE04EC0-301F-11D3-BF4B-00C04F79EFBC}") = "Zapper.Device.USB", "Zapper.Device.USB\Zapper.Device.USB.csproj", "{ACFF99D4-CFA1-47A0-B122-58C055770A6D}"
EndProject
Project("{FAE04EC0-301F-11D3-BF4B-00C04F79EFBC}") = "Zapper.Device.Network", "Zapper.Device.Network\Zapper.Device.Network.csproj", "{0A7E975E-D083-4FE8-8747-DE50F530E365}"
EndProject
Global
	GlobalSection(SolutionConfigurationPlatforms) = preSolution
		Debug|Any CPU = Debug|Any CPU
		Debug|x64 = Debug|x64
		Debug|x86 = Debug|x86
		Release|Any CPU = Release|Any CPU
		Release|x64 = Release|x64
		Release|x86 = Release|x86
	EndGlobalSection
	GlobalSection(ProjectConfigurationPlatforms) = postSolution
		{5AFED5A4-52C6-49A2-B552-72BCF23A9550}.Debug|Any CPU.ActiveCfg = Debug|Any CPU
		{5AFED5A4-52C6-49A2-B552-72BCF23A9550}.Debug|Any CPU.Build.0 = Debug|Any CPU
		{5AFED5A4-52C6-49A2-B552-72BCF23A9550}.Debug|x64.ActiveCfg = Debug|Any CPU
		{5AFED5A4-52C6-49A2-B552-72BCF23A9550}.Debug|x64.Build.0 = Debug|Any CPU
		{5AFED5A4-52C6-49A2-B552-72BCF23A9550}.Debug|x86.ActiveCfg = Debug|Any CPU
		{5AFED5A4-52C6-49A2-B552-72BCF23A9550}.Debug|x86.Build.0 = Debug|Any CPU
		{5AFED5A4-52C6-49A2-B552-72BCF23A9550}.Release|Any CPU.ActiveCfg = Release|Any CPU
		{5AFED5A4-52C6-49A2-B552-72BCF23A9550}.Release|Any CPU.Build.0 = Release|Any CPU
		{5AFED5A4-52C6-49A2-B552-72BCF23A9550}.Release|x64.ActiveCfg = Release|Any CPU
		{5AFED5A4-52C6-49A2-B552-72BCF23A9550}.Release|x64.Build.0 = Release|Any CPU
		{5AFED5A4-52C6-49A2-B552-72BCF23A9550}.Release|x86.ActiveCfg = Release|Any CPU
		{5AFED5A4-52C6-49A2-B552-72BCF23A9550}.Release|x86.Build.0 = Release|Any CPU
		{7188FCBE-2540-4957-9F44-37BB30E59C16}.Debug|Any CPU.ActiveCfg = Debug|Any CPU
		{7188FCBE-2540-4957-9F44-37BB30E59C16}.Debug|Any CPU.Build.0 = Debug|Any CPU
		{7188FCBE-2540-4957-9F44-37BB30E59C16}.Debug|x64.ActiveCfg = Debug|Any CPU
		{7188FCBE-2540-4957-9F44-37BB30E59C16}.Debug|x64.Build.0 = Debug|Any CPU
		{7188FCBE-2540-4957-9F44-37BB30E59C16}.Debug|x86.ActiveCfg = Debug|Any CPU
		{7188FCBE-2540-4957-9F44-37BB30E59C16}.Debug|x86.Build.0 = Debug|Any CPU
		{7188FCBE-2540-4957-9F44-37BB30E59C16}.Release|Any CPU.ActiveCfg = Release|Any CPU
		{7188FCBE-2540-4957-9F44-37BB30E59C16}.Release|Any CPU.Build.0 = Release|Any CPU
		{7188FCBE-2540-4957-9F44-37BB30E59C16}.Release|x64.ActiveCfg = Release|Any CPU
		{7188FCBE-2540-4957-9F44-37BB30E59C16}.Release|x64.Build.0 = Release|Any CPU
		{7188FCBE-2540-4957-9F44-37BB30E59C16}.Release|x86.ActiveCfg = Release|Any CPU
		{7188FCBE-2540-4957-9F44-37BB30E59C16}.Release|x86.Build.0 = Release|Any CPU
		{32F778FE-9226-4EC0-8235-7FA6B019E98E}.Debug|Any CPU.ActiveCfg = Debug|Any CPU
		{32F778FE-9226-4EC0-8235-7FA6B019E98E}.Debug|Any CPU.Build.0 = Debug|Any CPU
		{32F778FE-9226-4EC0-8235-7FA6B019E98E}.Debug|x64.ActiveCfg = Debug|Any CPU
		{32F778FE-9226-4EC0-8235-7FA6B019E98E}.Debug|x64.Build.0 = Debug|Any CPU
		{32F778FE-9226-4EC0-8235-7FA6B019E98E}.Debug|x86.ActiveCfg = Debug|Any CPU
		{32F778FE-9226-4EC0-8235-7FA6B019E98E}.Debug|x86.Build.0 = Debug|Any CPU
		{32F778FE-9226-4EC0-8235-7FA6B019E98E}.Release|Any CPU.ActiveCfg = Release|Any CPU
		{32F778FE-9226-4EC0-8235-7FA6B019E98E}.Release|Any CPU.Build.0 = Release|Any CPU
		{32F778FE-9226-4EC0-8235-7FA6B019E98E}.Release|x64.ActiveCfg = Release|Any CPU
		{32F778FE-9226-4EC0-8235-7FA6B019E98E}.Release|x64.Build.0 = Release|Any CPU
		{32F778FE-9226-4EC0-8235-7FA6B019E98E}.Release|x86.ActiveCfg = Release|Any CPU
		{32F778FE-9226-4EC0-8235-7FA6B019E98E}.Release|x86.Build.0 = Release|Any CPU
		{010BCB6C-5B8C-4B52-99B4-1577DBE33A3F}.Debug|Any CPU.ActiveCfg = Debug|Any CPU
		{010BCB6C-5B8C-4B52-99B4-1577DBE33A3F}.Debug|Any CPU.Build.0 = Debug|Any CPU
		{010BCB6C-5B8C-4B52-99B4-1577DBE33A3F}.Debug|x64.ActiveCfg = Debug|Any CPU
		{010BCB6C-5B8C-4B52-99B4-1577DBE33A3F}.Debug|x64.Build.0 = Debug|Any CPU
		{010BCB6C-5B8C-4B52-99B4-1577DBE33A3F}.Debug|x86.ActiveCfg = Debug|Any CPU
		{010BCB6C-5B8C-4B52-99B4-1577DBE33A3F}.Debug|x86.Build.0 = Debug|Any CPU
		{010BCB6C-5B8C-4B52-99B4-1577DBE33A3F}.Release|Any CPU.ActiveCfg = Release|Any CPU
		{010BCB6C-5B8C-4B52-99B4-1577DBE33A3F}.Release|Any CPU.Build.0 = Release|Any CPU
		{010BCB6C-5B8C-4B52-99B4-1577DBE33A3F}.Release|x64.ActiveCfg = Release|Any CPU
		{010BCB6C-5B8C-4B52-99B4-1577DBE33A3F}.Release|x64.Build.0 = Release|Any CPU
		{010BCB6C-5B8C-4B52-99B4-1577DBE33A3F}.Release|x86.ActiveCfg = Release|Any CPU
		{010BCB6C-5B8C-4B52-99B4-1577DBE33A3F}.Release|x86.Build.0 = Release|Any CPU
		{476C8D72-B6D0-4221-9277-4608E85C3E7B}.Debug|Any CPU.ActiveCfg = Debug|Any CPU
		{476C8D72-B6D0-4221-9277-4608E85C3E7B}.Debug|Any CPU.Build.0 = Debug|Any CPU
		{476C8D72-B6D0-4221-9277-4608E85C3E7B}.Debug|x64.ActiveCfg = Debug|Any CPU
		{476C8D72-B6D0-4221-9277-4608E85C3E7B}.Debug|x64.Build.0 = Debug|Any CPU
		{476C8D72-B6D0-4221-9277-4608E85C3E7B}.Debug|x86.ActiveCfg = Debug|Any CPU
		{476C8D72-B6D0-4221-9277-4608E85C3E7B}.Debug|x86.Build.0 = Debug|Any CPU
		{476C8D72-B6D0-4221-9277-4608E85C3E7B}.Release|Any CPU.ActiveCfg = Release|Any CPU
		{476C8D72-B6D0-4221-9277-4608E85C3E7B}.Release|Any CPU.Build.0 = Release|Any CPU
		{476C8D72-B6D0-4221-9277-4608E85C3E7B}.Release|x64.ActiveCfg = Release|Any CPU
		{476C8D72-B6D0-4221-9277-4608E85C3E7B}.Release|x64.Build.0 = Release|Any CPU
		{476C8D72-B6D0-4221-9277-4608E85C3E7B}.Release|x86.ActiveCfg = Release|Any CPU
		{476C8D72-B6D0-4221-9277-4608E85C3E7B}.Release|x86.Build.0 = Release|Any CPU
		{EF163B2E-27C5-4043-AF2C-5B754A21C76D}.Debug|Any CPU.ActiveCfg = Debug|Any CPU
		{EF163B2E-27C5-4043-AF2C-5B754A21C76D}.Debug|Any CPU.Build.0 = Debug|Any CPU
		{EF163B2E-27C5-4043-AF2C-5B754A21C76D}.Debug|x64.ActiveCfg = Debug|Any CPU
		{EF163B2E-27C5-4043-AF2C-5B754A21C76D}.Debug|x64.Build.0 = Debug|Any CPU
		{EF163B2E-27C5-4043-AF2C-5B754A21C76D}.Debug|x86.ActiveCfg = Debug|Any CPU
		{EF163B2E-27C5-4043-AF2C-5B754A21C76D}.Debug|x86.Build.0 = Debug|Any CPU
		{EF163B2E-27C5-4043-AF2C-5B754A21C76D}.Release|Any CPU.ActiveCfg = Release|Any CPU
		{EF163B2E-27C5-4043-AF2C-5B754A21C76D}.Release|Any CPU.Build.0 = Release|Any CPU
		{EF163B2E-27C5-4043-AF2C-5B754A21C76D}.Release|x64.ActiveCfg = Release|Any CPU
		{EF163B2E-27C5-4043-AF2C-5B754A21C76D}.Release|x64.Build.0 = Release|Any CPU
		{EF163B2E-27C5-4043-AF2C-5B754A21C76D}.Release|x86.ActiveCfg = Release|Any CPU
		{EF163B2E-27C5-4043-AF2C-5B754A21C76D}.Release|x86.Build.0 = Release|Any CPU
		{F70C1732-C944-47AC-A061-7A4A3C8738DB}.Debug|Any CPU.ActiveCfg = Debug|Any CPU
		{F70C1732-C944-47AC-A061-7A4A3C8738DB}.Debug|Any CPU.Build.0 = Debug|Any CPU
		{F70C1732-C944-47AC-A061-7A4A3C8738DB}.Debug|x64.ActiveCfg = Debug|Any CPU
		{F70C1732-C944-47AC-A061-7A4A3C8738DB}.Debug|x64.Build.0 = Debug|Any CPU
		{F70C1732-C944-47AC-A061-7A4A3C8738DB}.Debug|x86.ActiveCfg = Debug|Any CPU
		{F70C1732-C944-47AC-A061-7A4A3C8738DB}.Debug|x86.Build.0 = Debug|Any CPU
		{F70C1732-C944-47AC-A061-7A4A3C8738DB}.Release|Any CPU.ActiveCfg = Release|Any CPU
		{F70C1732-C944-47AC-A061-7A4A3C8738DB}.Release|Any CPU.Build.0 = Release|Any CPU
		{F70C1732-C944-47AC-A061-7A4A3C8738DB}.Release|x64.ActiveCfg = Release|Any CPU
		{F70C1732-C944-47AC-A061-7A4A3C8738DB}.Release|x64.Build.0 = Release|Any CPU
		{F70C1732-C944-47AC-A061-7A4A3C8738DB}.Release|x86.ActiveCfg = Release|Any CPU
		{F70C1732-C944-47AC-A061-7A4A3C8738DB}.Release|x86.Build.0 = Release|Any CPU
		{DCEF2E58-3B1D-4863-A68A-107256E52A27}.Debug|Any CPU.ActiveCfg = Debug|Any CPU
		{DCEF2E58-3B1D-4863-A68A-107256E52A27}.Debug|Any CPU.Build.0 = Debug|Any CPU
		{DCEF2E58-3B1D-4863-A68A-107256E52A27}.Debug|x64.ActiveCfg = Debug|Any CPU
		{DCEF2E58-3B1D-4863-A68A-107256E52A27}.Debug|x64.Build.0 = Debug|Any CPU
		{DCEF2E58-3B1D-4863-A68A-107256E52A27}.Debug|x86.ActiveCfg = Debug|Any CPU
		{DCEF2E58-3B1D-4863-A68A-107256E52A27}.Debug|x86.Build.0 = Debug|Any CPU
		{DCEF2E58-3B1D-4863-A68A-107256E52A27}.Release|Any CPU.ActiveCfg = Release|Any CPU
		{DCEF2E58-3B1D-4863-A68A-107256E52A27}.Release|Any CPU.Build.0 = Release|Any CPU
		{DCEF2E58-3B1D-4863-A68A-107256E52A27}.Release|x64.ActiveCfg = Release|Any CPU
		{DCEF2E58-3B1D-4863-A68A-107256E52A27}.Release|x64.Build.0 = Release|Any CPU
		{DCEF2E58-3B1D-4863-A68A-107256E52A27}.Release|x86.ActiveCfg = Release|Any CPU
		{DCEF2E58-3B1D-4863-A68A-107256E52A27}.Release|x86.Build.0 = Release|Any CPU
		{FD7BB19F-6294-4677-8356-335C7D81AC3E}.Debug|Any CPU.ActiveCfg = Debug|Any CPU
		{FD7BB19F-6294-4677-8356-335C7D81AC3E}.Debug|Any CPU.Build.0 = Debug|Any CPU
		{FD7BB19F-6294-4677-8356-335C7D81AC3E}.Debug|x64.ActiveCfg = Debug|Any CPU
		{FD7BB19F-6294-4677-8356-335C7D81AC3E}.Debug|x64.Build.0 = Debug|Any CPU
		{FD7BB19F-6294-4677-8356-335C7D81AC3E}.Debug|x86.ActiveCfg = Debug|Any CPU
		{FD7BB19F-6294-4677-8356-335C7D81AC3E}.Debug|x86.Build.0 = Debug|Any CPU
		{FD7BB19F-6294-4677-8356-335C7D81AC3E}.Release|Any CPU.ActiveCfg = Release|Any CPU
		{FD7BB19F-6294-4677-8356-335C7D81AC3E}.Release|Any CPU.Build.0 = Release|Any CPU
		{FD7BB19F-6294-4677-8356-335C7D81AC3E}.Release|x64.ActiveCfg = Release|Any CPU
		{FD7BB19F-6294-4677-8356-335C7D81AC3E}.Release|x64.Build.0 = Release|Any CPU
		{FD7BB19F-6294-4677-8356-335C7D81AC3E}.Release|x86.ActiveCfg = Release|Any CPU
		{FD7BB19F-6294-4677-8356-335C7D81AC3E}.Release|x86.Build.0 = Release|Any CPU
		{8BD2AEFD-D668-49A3-86A5-D04E945F5E5A}.Debug|Any CPU.ActiveCfg = Debug|Any CPU
		{8BD2AEFD-D668-49A3-86A5-D04E945F5E5A}.Debug|Any CPU.Build.0 = Debug|Any CPU
		{8BD2AEFD-D668-49A3-86A5-D04E945F5E5A}.Debug|x64.ActiveCfg = Debug|Any CPU
		{8BD2AEFD-D668-49A3-86A5-D04E945F5E5A}.Debug|x64.Build.0 = Debug|Any CPU
		{8BD2AEFD-D668-49A3-86A5-D04E945F5E5A}.Debug|x86.ActiveCfg = Debug|Any CPU
		{8BD2AEFD-D668-49A3-86A5-D04E945F5E5A}.Debug|x86.Build.0 = Debug|Any CPU
		{8BD2AEFD-D668-49A3-86A5-D04E945F5E5A}.Release|Any CPU.ActiveCfg = Release|Any CPU
		{8BD2AEFD-D668-49A3-86A5-D04E945F5E5A}.Release|Any CPU.Build.0 = Release|Any CPU
		{8BD2AEFD-D668-49A3-86A5-D04E945F5E5A}.Release|x64.ActiveCfg = Release|Any CPU
		{8BD2AEFD-D668-49A3-86A5-D04E945F5E5A}.Release|x64.Build.0 = Release|Any CPU
		{8BD2AEFD-D668-49A3-86A5-D04E945F5E5A}.Release|x86.ActiveCfg = Release|Any CPU
		{8BD2AEFD-D668-49A3-86A5-D04E945F5E5A}.Release|x86.Build.0 = Release|Any CPU
		{ACFF99D4-CFA1-47A0-B122-58C055770A6D}.Debug|Any CPU.ActiveCfg = Debug|Any CPU
		{ACFF99D4-CFA1-47A0-B122-58C055770A6D}.Debug|Any CPU.Build.0 = Debug|Any CPU
		{ACFF99D4-CFA1-47A0-B122-58C055770A6D}.Debug|x64.ActiveCfg = Debug|Any CPU
		{ACFF99D4-CFA1-47A0-B122-58C055770A6D}.Debug|x64.Build.0 = Debug|Any CPU
		{ACFF99D4-CFA1-47A0-B122-58C055770A6D}.Debug|x86.ActiveCfg = Debug|Any CPU
		{ACFF99D4-CFA1-47A0-B122-58C055770A6D}.Debug|x86.Build.0 = Debug|Any CPU
		{ACFF99D4-CFA1-47A0-B122-58C055770A6D}.Release|Any CPU.ActiveCfg = Release|Any CPU
		{ACFF99D4-CFA1-47A0-B122-58C055770A6D}.Release|Any CPU.Build.0 = Release|Any CPU
		{ACFF99D4-CFA1-47A0-B122-58C055770A6D}.Release|x64.ActiveCfg = Release|Any CPU
		{ACFF99D4-CFA1-47A0-B122-58C055770A6D}.Release|x64.Build.0 = Release|Any CPU
		{ACFF99D4-CFA1-47A0-B122-58C055770A6D}.Release|x86.ActiveCfg = Release|Any CPU
		{ACFF99D4-CFA1-47A0-B122-58C055770A6D}.Release|x86.Build.0 = Release|Any CPU
		{0A7E975E-D083-4FE8-8747-DE50F530E365}.Debug|Any CPU.ActiveCfg = Debug|Any CPU
		{0A7E975E-D083-4FE8-8747-DE50F530E365}.Debug|Any CPU.Build.0 = Debug|Any CPU
		{0A7E975E-D083-4FE8-8747-DE50F530E365}.Debug|x64.ActiveCfg = Debug|Any CPU
		{0A7E975E-D083-4FE8-8747-DE50F530E365}.Debug|x64.Build.0 = Debug|Any CPU
		{0A7E975E-D083-4FE8-8747-DE50F530E365}.Debug|x86.ActiveCfg = Debug|Any CPU
		{0A7E975E-D083-4FE8-8747-DE50F530E365}.Debug|x86.Build.0 = Debug|Any CPU
		{0A7E975E-D083-4FE8-8747-DE50F530E365}.Release|Any CPU.ActiveCfg = Release|Any CPU
		{0A7E975E-D083-4FE8-8747-DE50F530E365}.Release|Any CPU.Build.0 = Release|Any CPU
		{0A7E975E-D083-4FE8-8747-DE50F530E365}.Release|x64.ActiveCfg = Release|Any CPU
		{0A7E975E-D083-4FE8-8747-DE50F530E365}.Release|x64.Build.0 = Release|Any CPU
		{0A7E975E-D083-4FE8-8747-DE50F530E365}.Release|x86.ActiveCfg = Release|Any CPU
		{0A7E975E-D083-4FE8-8747-DE50F530E365}.Release|x86.Build.0 = Release|Any CPU
	EndGlobalSection
	GlobalSection(SolutionProperties) = preSolution
		HideSolutionNode = FALSE
	EndGlobalSection
	GlobalSection(ExtensibilityGlobals) = postSolution
		SolutionGuid = {B6C0BAFE-1FF7-4FD1-B86F-7A62E4F69FB0}
	EndGlobalSection
EndGlobal
