
Microsoft Visual Studio Solution File, Format Version 12.00
# Visual Studio Version 17
VisualStudioVersion = 17.5.2.0
MinimumVisualStudioVersion = 10.0.40219.1
Project("{FAE04EC0-301F-11D3-BF4B-00C04F79EFBC}") = "Zapper.Core", "Zapper.Core\Zapper.Core.csproj", "{5AFED5A4-52C6-49A2-B552-72BCF23A9550}"
EndProject
Project("{FAE04EC0-301F-11D3-BF4B-00C04F79EFBC}") = "Zapper.Hardware", "Zapper.Hardware\Zapper.Hardware.csproj", "{0B08FC74-31F7-404A-B5CB-48C052B7F8AA}"
EndProject
Project("{FAE04EC0-301F-11D3-BF4B-00C04F79EFBC}") = "Zapper.Data", "Zapper.Data\Zapper.Data.csproj", "{7188FCBE-2540-4957-9F44-37BB30E59C16}"
EndProject
Project("{FAE04EC0-301F-11D3-BF4B-00C04F79EFBC}") = "Zapper.Services", "Zapper.Services\Zapper.Services.csproj", "{32F778FE-9226-4EC0-8235-7FA6B019E98E}"
EndProject
Project("{FAE04EC0-301F-11D3-BF4B-00C04F79EFBC}") = "Zapper.API", "Zapper.API\Zapper.API.csproj", "{010BCB6C-5B8C-4B52-99B4-1577DBE33A3F}"
EndProject
Project("{FAE04EC0-301F-11D3-BF4B-00C04F79EFBC}") = "Zapper.Web", "Zapper.Web\Zapper.Web.csproj", "{3121585F-8D83-4455-9D5D-6AE5BCEFCC02}"
EndProject
Global
	GlobalSection(SolutionConfigurationPlatforms) = preSolution
		Debug|Any CPU = Debug|Any CPU
		Debug|x64 = Debug|x64
		Debug|x86 = Debug|x86
		Release|Any CPU = Release|Any CPU
		Release|x64 = Release|x64
		Release|x86 = Release|x86
	EndGlobalSection
	GlobalSection(ProjectConfigurationPlatforms) = postSolution
		{5AFED5A4-52C6-49A2-B552-72BCF23A9550}.Debug|Any CPU.ActiveCfg = Debug|Any CPU
		{5AFED5A4-52C6-49A2-B552-72BCF23A9550}.Debug|Any CPU.Build.0 = Debug|Any CPU
		{5AFED5A4-52C6-49A2-B552-72BCF23A9550}.Debug|x64.ActiveCfg = Debug|Any CPU
		{5AFED5A4-52C6-49A2-B552-72BCF23A9550}.Debug|x64.Build.0 = Debug|Any CPU
		{5AFED5A4-52C6-49A2-B552-72BCF23A9550}.Debug|x86.ActiveCfg = Debug|Any CPU
		{5AFED5A4-52C6-49A2-B552-72BCF23A9550}.Debug|x86.Build.0 = Debug|Any CPU
		{5AFED5A4-52C6-49A2-B552-72BCF23A9550}.Release|Any CPU.ActiveCfg = Release|Any CPU
		{5AFED5A4-52C6-49A2-B552-72BCF23A9550}.Release|Any CPU.Build.0 = Release|Any CPU
		{5AFED5A4-52C6-49A2-B552-72BCF23A9550}.Release|x64.ActiveCfg = Release|Any CPU
		{5AFED5A4-52C6-49A2-B552-72BCF23A9550}.Release|x64.Build.0 = Release|Any CPU
		{5AFED5A4-52C6-49A2-B552-72BCF23A9550}.Release|x86.ActiveCfg = Release|Any CPU
		{5AFED5A4-52C6-49A2-B552-72BCF23A9550}.Release|x86.Build.0 = Release|Any CPU
		{0B08FC74-31F7-404A-B5CB-48C052B7F8AA}.Debug|Any CPU.ActiveCfg = Debug|Any CPU
		{0B08FC74-31F7-404A-B5CB-48C052B7F8AA}.Debug|Any CPU.Build.0 = Debug|Any CPU
		{0B08FC74-31F7-404A-B5CB-48C052B7F8AA}.Debug|x64.ActiveCfg = Debug|Any CPU
		{0B08FC74-31F7-404A-B5CB-48C052B7F8AA}.Debug|x64.Build.0 = Debug|Any CPU
		{0B08FC74-31F7-404A-B5CB-48C052B7F8AA}.Debug|x86.ActiveCfg = Debug|Any CPU
		{0B08FC74-31F7-404A-B5CB-48C052B7F8AA}.Debug|x86.Build.0 = Debug|Any CPU
		{0B08FC74-31F7-404A-B5CB-48C052B7F8AA}.Release|Any CPU.ActiveCfg = Release|Any CPU
		{0B08FC74-31F7-404A-B5CB-48C052B7F8AA}.Release|Any CPU.Build.0 = Release|Any CPU
		{0B08FC74-31F7-404A-B5CB-48C052B7F8AA}.Release|x64.ActiveCfg = Release|Any CPU
		{0B08FC74-31F7-404A-B5CB-48C052B7F8AA}.Release|x64.Build.0 = Release|Any CPU
		{0B08FC74-31F7-404A-B5CB-48C052B7F8AA}.Release|x86.ActiveCfg = Release|Any CPU
		{0B08FC74-31F7-404A-B5CB-48C052B7F8AA}.Release|x86.Build.0 = Release|Any CPU
		{7188FCBE-2540-4957-9F44-37BB30E59C16}.Debug|Any CPU.ActiveCfg = Debug|Any CPU
		{7188FCBE-2540-4957-9F44-37BB30E59C16}.Debug|Any CPU.Build.0 = Debug|Any CPU
		{7188FCBE-2540-4957-9F44-37BB30E59C16}.Debug|x64.ActiveCfg = Debug|Any CPU
		{7188FCBE-2540-4957-9F44-37BB30E59C16}.Debug|x64.Build.0 = Debug|Any CPU
		{7188FCBE-2540-4957-9F44-37BB30E59C16}.Debug|x86.ActiveCfg = Debug|Any CPU
		{7188FCBE-2540-4957-9F44-37BB30E59C16}.Debug|x86.Build.0 = Debug|Any CPU
		{7188FCBE-2540-4957-9F44-37BB30E59C16}.Release|Any CPU.ActiveCfg = Release|Any CPU
		{7188FCBE-2540-4957-9F44-37BB30E59C16}.Release|Any CPU.Build.0 = Release|Any CPU
		{7188FCBE-2540-4957-9F44-37BB30E59C16}.Release|x64.ActiveCfg = Release|Any CPU
		{7188FCBE-2540-4957-9F44-37BB30E59C16}.Release|x64.Build.0 = Release|Any CPU
		{7188FCBE-2540-4957-9F44-37BB30E59C16}.Release|x86.ActiveCfg = Release|Any CPU
		{7188FCBE-2540-4957-9F44-37BB30E59C16}.Release|x86.Build.0 = Release|Any CPU
		{32F778FE-9226-4EC0-8235-7FA6B019E98E}.Debug|Any CPU.ActiveCfg = Debug|Any CPU
		{32F778FE-9226-4EC0-8235-7FA6B019E98E}.Debug|Any CPU.Build.0 = Debug|Any CPU
		{32F778FE-9226-4EC0-8235-7FA6B019E98E}.Debug|x64.ActiveCfg = Debug|Any CPU
		{32F778FE-9226-4EC0-8235-7FA6B019E98E}.Debug|x64.Build.0 = Debug|Any CPU
		{32F778FE-9226-4EC0-8235-7FA6B019E98E}.Debug|x86.ActiveCfg = Debug|Any CPU
		{32F778FE-9226-4EC0-8235-7FA6B019E98E}.Debug|x86.Build.0 = Debug|Any CPU
		{32F778FE-9226-4EC0-8235-7FA6B019E98E}.Release|Any CPU.ActiveCfg = Release|Any CPU
		{32F778FE-9226-4EC0-8235-7FA6B019E98E}.Release|Any CPU.Build.0 = Release|Any CPU
		{32F778FE-9226-4EC0-8235-7FA6B019E98E}.Release|x64.ActiveCfg = Release|Any CPU
		{32F778FE-9226-4EC0-8235-7FA6B019E98E}.Release|x64.Build.0 = Release|Any CPU
		{32F778FE-9226-4EC0-8235-7FA6B019E98E}.Release|x86.ActiveCfg = Release|Any CPU
		{32F778FE-9226-4EC0-8235-7FA6B019E98E}.Release|x86.Build.0 = Release|Any CPU
		{010BCB6C-5B8C-4B52-99B4-1577DBE33A3F}.Debug|Any CPU.ActiveCfg = Debug|Any CPU
		{010BCB6C-5B8C-4B52-99B4-1577DBE33A3F}.Debug|Any CPU.Build.0 = Debug|Any CPU
		{010BCB6C-5B8C-4B52-99B4-1577DBE33A3F}.Debug|x64.ActiveCfg = Debug|Any CPU
		{010BCB6C-5B8C-4B52-99B4-1577DBE33A3F}.Debug|x64.Build.0 = Debug|Any CPU
		{010BCB6C-5B8C-4B52-99B4-1577DBE33A3F}.Debug|x86.ActiveCfg = Debug|Any CPU
		{010BCB6C-5B8C-4B52-99B4-1577DBE33A3F}.Debug|x86.Build.0 = Debug|Any CPU
		{010BCB6C-5B8C-4B52-99B4-1577DBE33A3F}.Release|Any CPU.ActiveCfg = Release|Any CPU
		{010BCB6C-5B8C-4B52-99B4-1577DBE33A3F}.Release|Any CPU.Build.0 = Release|Any CPU
		{010BCB6C-5B8C-4B52-99B4-1577DBE33A3F}.Release|x64.ActiveCfg = Release|Any CPU
		{010BCB6C-5B8C-4B52-99B4-1577DBE33A3F}.Release|x64.Build.0 = Release|Any CPU
		{010BCB6C-5B8C-4B52-99B4-1577DBE33A3F}.Release|x86.ActiveCfg = Release|Any CPU
		{010BCB6C-5B8C-4B52-99B4-1577DBE33A3F}.Release|x86.Build.0 = Release|Any CPU
		{3121585F-8D83-4455-9D5D-6AE5BCEFCC02}.Debug|Any CPU.ActiveCfg = Debug|Any CPU
		{3121585F-8D83-4455-9D5D-6AE5BCEFCC02}.Debug|Any CPU.Build.0 = Debug|Any CPU
		{3121585F-8D83-4455-9D5D-6AE5BCEFCC02}.Debug|x64.ActiveCfg = Debug|Any CPU
		{3121585F-8D83-4455-9D5D-6AE5BCEFCC02}.Debug|x64.Build.0 = Debug|Any CPU
		{3121585F-8D83-4455-9D5D-6AE5BCEFCC02}.Debug|x86.ActiveCfg = Debug|Any CPU
		{3121585F-8D83-4455-9D5D-6AE5BCEFCC02}.Debug|x86.Build.0 = Debug|Any CPU
		{3121585F-8D83-4455-9D5D-6AE5BCEFCC02}.Release|Any CPU.ActiveCfg = Release|Any CPU
		{3121585F-8D83-4455-9D5D-6AE5BCEFCC02}.Release|Any CPU.Build.0 = Release|Any CPU
		{3121585F-8D83-4455-9D5D-6AE5BCEFCC02}.Release|x64.ActiveCfg = Release|Any CPU
		{3121585F-8D83-4455-9D5D-6AE5BCEFCC02}.Release|x64.Build.0 = Release|Any CPU
		{3121585F-8D83-4455-9D5D-6AE5BCEFCC02}.Release|x86.ActiveCfg = Release|Any CPU
		{3121585F-8D83-4455-9D5D-6AE5BCEFCC02}.Release|x86.Build.0 = Release|Any CPU
	EndGlobalSection
	GlobalSection(SolutionProperties) = preSolution
		HideSolutionNode = FALSE
	EndGlobalSection
	GlobalSection(ExtensibilityGlobals) = postSolution
		SolutionGuid = {B6C0BAFE-1FF7-4FD1-B86F-7A62E4F69FB0}
	EndGlobalSection
EndGlobal
