
Microsoft Visual Studio Solution File, Format Version 12.00
# Visual Studio Version 17
VisualStudioVersion = 17.5.2.0
MinimumVisualStudioVersion = 10.0.40219.1
Project("{FAE04EC0-301F-11D3-BF4B-00C04F79EFBC}") = "Zapper.Core", "Zapper.Core\Zapper.Core.csproj", "{5AFED5A4-52C6-49A2-B552-72BCF23A9550}"
EndProject
Project("{FAE04EC0-301F-11D3-BF4B-00C04F79EFBC}") = "Zapper.Data", "Zapper.Data\Zapper.Data.csproj", "{7188FCBE-2540-4957-9F44-37BB30E59C16}"
EndProject
Project("{FAE04EC0-301F-11D3-BF4B-00C04F79EFBC}") = "Zapper.Services", "Zapper.Services\Zapper.Services.csproj", "{32F778FE-9226-4EC0-8235-7FA6B019E98E}"
EndProject
Project("{FAE04EC0-301F-11D3-BF4B-00C04F79EFBC}") = "Zapper.API", "Zapper.API\Zapper.API.csproj", "{010BCB6C-5B8C-4B52-99B4-1577DBE33A3F}"
EndProject
Project("{FAE04EC0-301F-11D3-BF4B-00C04F79EFBC}") = "Zapper.Host", "Zapper.Host\Zapper.Host.csproj", "{476C8D72-B6D0-4221-9277-4608E85C3E7B}"
EndProject
Project("{FAE04EC0-301F-11D3-BF4B-00C04F79EFBC}") = "Zapper.Blazor", "Zapper.Blazor\Zapper.Blazor.csproj", "{EF163B2E-27C5-4043-AF2C-5B754A21C76D}"
EndProject
Project("{FAE04EC0-301F-11D3-BF4B-00C04F79EFBC}") = "Zapper.Device.Infrared", "Zapper.Device.Infrared\Zapper.Device.Infrared.csproj", "{DCEF2E58-3B1D-4863-A68A-107256E52A27}"
EndProject
Project("{FAE04EC0-301F-11D3-BF4B-00C04F79EFBC}") = "Zapper.Device.Bluetooth", "Zapper.Device.Bluetooth\Zapper.Device.Bluetooth.csproj", "{FD7BB19F-6294-4677-8356-335C7D81AC3E}"
EndProject
Project("{FAE04EC0-301F-11D3-BF4B-00C04F79EFBC}") = "Zapper.Device.WebOS", "Zapper.Device.WebOS\Zapper.Device.WebOS.csproj", "{8BD2AEFD-D668-49A3-86A5-D04E945F5E5A}"
EndProject
Project("{FAE04EC0-301F-11D3-BF4B-00C04F79EFBC}") = "Zapper.Device.USB", "Zapper.Device.USB\Zapper.Device.USB.csproj", "{ACFF99D4-CFA1-47A0-B122-58C055770A6D}"
EndProject
Project("{FAE04EC0-301F-11D3-BF4B-00C04F79EFBC}") = "Zapper.Device.Network", "Zapper.Device.Network\Zapper.Device.Network.csproj", "{0A7E975E-D083-4FE8-8747-DE50F530E365}"
EndProject
Project("{FAE04EC0-301F-11D3-BF4B-00C04F79EFBC}") = "Zapper.Device.Roku", "Zapper.Device.Roku\Zapper.Device.Roku.csproj", "{B7F2E9A1-C8D5-4A3E-9F6B-2D8E7C4A1B2F}"
EndProject
Project("{2150E333-8FDC-42A3-9474-1A3956D46DE8}") = "Devices", "Devices", "{7F030AAB-9352-4BF4-AA1F-432476425C2E}"
EndProject
Project("{2150E333-8FDC-42A3-9474-1A3956D46DE8}") = "WebOs", "WebOs", "{FCD086E0-FD3A-BC65-F7BF-DA3144B3035E}"
EndProject
Project("{2150E333-8FDC-42A3-9474-1A3956D46DE8}") = "Infrared", "Infrared", "{B9A8F3E2-1D7C-4A9B-8E5F-3C2A1B9D8E7F}"
EndProject
Project("{FAE04EC0-301F-11D3-BF4B-00C04F79EFBC}") = "Zapper.Device.WebOS.Tests.Unit", "Zapper.Device.WebOS.Tests.Unit\Zapper.Device.WebOS.Tests.Unit.csproj", "{DE9872D7-6608-4192-994A-0181ED001385}"
EndProject
Project("{FAE04EC0-301F-11D3-BF4B-00C04F79EFBC}") = "Zapper.Device.Bluetooth.Tests.Unit", "Zapper.Device.Bluetooth.Tests.Unit\Zapper.Device.Bluetooth.Tests.Unit.csproj", "{BA1F39F0-7F64-4C99-BCD6-76C18BA1426F}"
EndProject
Project("{FAE04EC0-301F-11D3-BF4B-00C04F79EFBC}") = "Zapper.Device.Infrared.Tests.Unit", "Zapper.Device.Infrared.Tests.Unit\Zapper.Device.Infrared.Tests.Unit.csproj", "{8857ADEE-0CC7-4235-A8B9-E9D3A52FFE01}"
EndProject
Project("{2150E333-8FDC-42A3-9474-1A3956D46DE8}") = "Bluetooth", "Bluetooth", "{D40D48B1-0496-43E0-AB90-6A7CD0C2BEA5}"
EndProject
Project("{2150E333-8FDC-42A3-9474-1A3956D46DE8}") = "USB", "USB", "{C5F8A9B3-2E7D-4F6A-9C8B-1D3E5F7A9B2C}"
EndProject
Project("{FAE04EC0-301F-11D3-BF4B-00C04F79EFBC}") = "Zapper.Device.USB.Tests.Unit", "Zapper.Device.USB.Tests.Unit\Zapper.Device.USB.Tests.Unit.csproj", "{9577D8BC-2BFB-4F86-95D9-933F98405B47}"
EndProject
Project("{2150E333-8FDC-42A3-9474-1A3956D46DE8}") = "Network", "Network", "{E1F2A3B4-C5D6-7E8F-9A0B-1C2D3E4F5A6B}"
EndProject
Project("{FAE04EC0-301F-11D3-BF4B-00C04F79EFBC}") = "Zapper.Device.Network.Tests.Unit", "Zapper.Device.Network.Tests.Unit\Zapper.Device.Network.Tests.Unit.csproj", "{F9E8D7C6-B5A4-9382-7E6D-5C4B3A291807}"
EndProject
Project("{FAE04EC0-301F-11D3-BF4B-00C04F79EFBC}") = "Zapper.Device.Roku.Tests.Unit", "Zapper.Device.Roku.Tests.Unit\Zapper.Device.Roku.Tests.Unit.csproj", "{E8A3F5D2-B9C7-4E1A-8D6F-3C5A2B4E9F8A}"
EndProject
Project("{2150E333-8FDC-42A3-9474-1A3956D46DE8}") = "Roku", "Roku", "{3B8F3477-0754-4892-B43E-36FE144A7508}"
EndProject
Project("{FAE04EC0-301F-11D3-BF4B-00C04F79EFBC}") = "Zapper.Client", "Zapper.Client\Zapper.Client.csproj", "{4D4E4D89-19EE-43E9-A6BA-B19F3EEAA93F}"
EndProject
Project("{FAE04EC0-301F-11D3-BF4B-00C04F79EFBC}") = "Zapper.Device.Xbox", "Zapper.Device.Xbox\Zapper.Device.Xbox.csproj", "{EC2EEF70-40D4-4BE9-9FE6-94EB66C75D5A}"
EndProject
Project("{FAE04EC0-301F-11D3-BF4B-00C04F79EFBC}") = "Zapper.Device.Xbox.Tests.Unit", "Zapper.Device.Xbox.Tests.Unit\Zapper.Device.Xbox.Tests.Unit.csproj", "{2CD19517-85B7-4B6A-9A8C-C8232967B77E}"
EndProject
Project("{2150E333-8FDC-42A3-9474-1A3956D46DE8}") = "Xbox", "Xbox", "{D1F4B0A2-76F7-49B0-A837-37DF5FF91181}"
EndProject
Project("{FAE04EC0-301F-11D3-BF4B-00C04F79EFBC}") = "Zapper.Device.PlayStation", "Zapper.Device.PlayStation\Zapper.Device.PlayStation.csproj", "{6AF88929-97A3-490F-9737-9503630AD97C}"
EndProject
Project("{FAE04EC0-301F-11D3-BF4B-00C04F79EFBC}") = "Zapper.Device.Sonos", "Zapper.Device.Sonos\Zapper.Device.Sonos.csproj", "{5B90AFA5-57FB-4308-8413-36193AE4E1E3}"
EndProject
Project("{FAE04EC0-301F-11D3-BF4B-00C04F79EFBC}") = "Zapper.Device.Yamaha", "Zapper.Device.Yamaha\Zapper.Device.Yamaha.csproj", "{19A001A7-E7EA-4943-A68A-BE4E46B8542C}"
EndProject
Project("{2150E333-8FDC-42A3-9474-1A3956D46DE8}") = "Playstation", "Playstation", "{78999C2D-F421-4004-A477-FB5715DFDFD8}"
EndProject
Project("{2150E333-8FDC-42A3-9474-1A3956D46DE8}") = "Sonos", "Sonos", "{0F1DDEFE-F427-4347-B508-B7FCF9D52670}"
EndProject
Project("{2150E333-8FDC-42A3-9474-1A3956D46DE8}") = "Yamaha", "Yamaha", "{85D2EB5B-9DA8-4E16-B0EA-17B636D46C24}"
EndProject
Project("{FAE04EC0-301F-11D3-BF4B-00C04F79EFBC}") = "Zapper.Device.PlayStation.Tests.Unit", "Zapper.Device.PlayStation.Tests.Unit\Zapper.Device.PlayStation.Tests.Unit.csproj", "{30B8E7F8-C8BF-4F36-A508-94F1E91513AA}"
EndProject
Project("{FAE04EC0-301F-11D3-BF4B-00C04F79EFBC}") = "Zapper.Device.Sonos.Tests.Unit", "Zapper.Device.Sonos.Tests.Unit\Zapper.Device.Sonos.Tests.Unit.csproj", "{01D08D80-1F1D-4FA8-B568-08DA3FD266C3}"
EndProject
Project("{FAE04EC0-301F-11D3-BF4B-00C04F79EFBC}") = "Zapper.Device.Yamaha.Tests.Unit", "Zapper.Device.Yamaha.Tests.Unit\Zapper.Device.Yamaha.Tests.Unit.csproj", "{EFADCA13-6C88-4A23-B0A2-FA3832E24AEE}"
EndProject
Project("{FAE04EC0-301F-11D3-BF4B-00C04F79EFBC}") = "Zapper.Device.AppleTV", "Zapper.Device.AppleTV\Zapper.Device.AppleTV.csproj", "{D6B94299-1427-4DF3-B0D1-C930B4A792BC}"
EndProject
Global
	GlobalSection(SolutionConfigurationPlatforms) = preSolution
		Debug|Any CPU = Debug|Any CPU
		Debug|x64 = Debug|x64
		Debug|x86 = Debug|x86
		Release|Any CPU = Release|Any CPU
		Release|x64 = Release|x64
		Release|x86 = Release|x86
	EndGlobalSection
	GlobalSection(ProjectConfigurationPlatforms) = postSolution
		{5AFED5A4-52C6-49A2-B552-72BCF23A9550}.Debug|Any CPU.ActiveCfg = Debug|Any CPU
		{5AFED5A4-52C6-49A2-B552-72BCF23A9550}.Debug|Any CPU.Build.0 = Debug|Any CPU
		{5AFED5A4-52C6-49A2-B552-72BCF23A9550}.Debug|x64.ActiveCfg = Debug|Any CPU
		{5AFED5A4-52C6-49A2-B552-72BCF23A9550}.Debug|x64.Build.0 = Debug|Any CPU
		{5AFED5A4-52C6-49A2-B552-72BCF23A9550}.Debug|x86.ActiveCfg = Debug|Any CPU
		{5AFED5A4-52C6-49A2-B552-72BCF23A9550}.Debug|x86.Build.0 = Debug|Any CPU
		{5AFED5A4-52C6-49A2-B552-72BCF23A9550}.Release|Any CPU.ActiveCfg = Release|Any CPU
		{5AFED5A4-52C6-49A2-B552-72BCF23A9550}.Release|Any CPU.Build.0 = Release|Any CPU
		{5AFED5A4-52C6-49A2-B552-72BCF23A9550}.Release|x64.ActiveCfg = Release|Any CPU
		{5AFED5A4-52C6-49A2-B552-72BCF23A9550}.Release|x64.Build.0 = Release|Any CPU
		{5AFED5A4-52C6-49A2-B552-72BCF23A9550}.Release|x86.ActiveCfg = Release|Any CPU
		{5AFED5A4-52C6-49A2-B552-72BCF23A9550}.Release|x86.Build.0 = Release|Any CPU
		{7188FCBE-2540-4957-9F44-37BB30E59C16}.Debug|Any CPU.ActiveCfg = Debug|Any CPU
		{7188FCBE-2540-4957-9F44-37BB30E59C16}.Debug|Any CPU.Build.0 = Debug|Any CPU
		{7188FCBE-2540-4957-9F44-37BB30E59C16}.Debug|x64.ActiveCfg = Debug|Any CPU
		{7188FCBE-2540-4957-9F44-37BB30E59C16}.Debug|x64.Build.0 = Debug|Any CPU
		{7188FCBE-2540-4957-9F44-37BB30E59C16}.Debug|x86.ActiveCfg = Debug|Any CPU
		{7188FCBE-2540-4957-9F44-37BB30E59C16}.Debug|x86.Build.0 = Debug|Any CPU
		{7188FCBE-2540-4957-9F44-37BB30E59C16}.Release|Any CPU.ActiveCfg = Release|Any CPU
		{7188FCBE-2540-4957-9F44-37BB30E59C16}.Release|Any CPU.Build.0 = Release|Any CPU
		{7188FCBE-2540-4957-9F44-37BB30E59C16}.Release|x64.ActiveCfg = Release|Any CPU
		{7188FCBE-2540-4957-9F44-37BB30E59C16}.Release|x64.Build.0 = Release|Any CPU
		{7188FCBE-2540-4957-9F44-37BB30E59C16}.Release|x86.ActiveCfg = Release|Any CPU
		{7188FCBE-2540-4957-9F44-37BB30E59C16}.Release|x86.Build.0 = Release|Any CPU
		{32F778FE-9226-4EC0-8235-7FA6B019E98E}.Debug|Any CPU.ActiveCfg = Debug|Any CPU
		{32F778FE-9226-4EC0-8235-7FA6B019E98E}.Debug|Any CPU.Build.0 = Debug|Any CPU
		{32F778FE-9226-4EC0-8235-7FA6B019E98E}.Debug|x64.ActiveCfg = Debug|Any CPU
		{32F778FE-9226-4EC0-8235-7FA6B019E98E}.Debug|x64.Build.0 = Debug|Any CPU
		{32F778FE-9226-4EC0-8235-7FA6B019E98E}.Debug|x86.ActiveCfg = Debug|Any CPU
		{32F778FE-9226-4EC0-8235-7FA6B019E98E}.Debug|x86.Build.0 = Debug|Any CPU
		{32F778FE-9226-4EC0-8235-7FA6B019E98E}.Release|Any CPU.ActiveCfg = Release|Any CPU
		{32F778FE-9226-4EC0-8235-7FA6B019E98E}.Release|Any CPU.Build.0 = Release|Any CPU
		{32F778FE-9226-4EC0-8235-7FA6B019E98E}.Release|x64.ActiveCfg = Release|Any CPU
		{32F778FE-9226-4EC0-8235-7FA6B019E98E}.Release|x64.Build.0 = Release|Any CPU
		{32F778FE-9226-4EC0-8235-7FA6B019E98E}.Release|x86.ActiveCfg = Release|Any CPU
		{32F778FE-9226-4EC0-8235-7FA6B019E98E}.Release|x86.Build.0 = Release|Any CPU
		{010BCB6C-5B8C-4B52-99B4-1577DBE33A3F}.Debug|Any CPU.ActiveCfg = Debug|Any CPU
		{010BCB6C-5B8C-4B52-99B4-1577DBE33A3F}.Debug|Any CPU.Build.0 = Debug|Any CPU
		{010BCB6C-5B8C-4B52-99B4-1577DBE33A3F}.Debug|x64.ActiveCfg = Debug|Any CPU
		{010BCB6C-5B8C-4B52-99B4-1577DBE33A3F}.Debug|x64.Build.0 = Debug|Any CPU
		{010BCB6C-5B8C-4B52-99B4-1577DBE33A3F}.Debug|x86.ActiveCfg = Debug|Any CPU
		{010BCB6C-5B8C-4B52-99B4-1577DBE33A3F}.Debug|x86.Build.0 = Debug|Any CPU
		{010BCB6C-5B8C-4B52-99B4-1577DBE33A3F}.Release|Any CPU.ActiveCfg = Release|Any CPU
		{010BCB6C-5B8C-4B52-99B4-1577DBE33A3F}.Release|Any CPU.Build.0 = Release|Any CPU
		{010BCB6C-5B8C-4B52-99B4-1577DBE33A3F}.Release|x64.ActiveCfg = Release|Any CPU
		{010BCB6C-5B8C-4B52-99B4-1577DBE33A3F}.Release|x64.Build.0 = Release|Any CPU
		{010BCB6C-5B8C-4B52-99B4-1577DBE33A3F}.Release|x86.ActiveCfg = Release|Any CPU
		{010BCB6C-5B8C-4B52-99B4-1577DBE33A3F}.Release|x86.Build.0 = Release|Any CPU
		{476C8D72-B6D0-4221-9277-4608E85C3E7B}.Debug|Any CPU.ActiveCfg = Debug|Any CPU
		{476C8D72-B6D0-4221-9277-4608E85C3E7B}.Debug|Any CPU.Build.0 = Debug|Any CPU
		{476C8D72-B6D0-4221-9277-4608E85C3E7B}.Debug|x64.ActiveCfg = Debug|Any CPU
		{476C8D72-B6D0-4221-9277-4608E85C3E7B}.Debug|x64.Build.0 = Debug|Any CPU
		{476C8D72-B6D0-4221-9277-4608E85C3E7B}.Debug|x86.ActiveCfg = Debug|Any CPU
		{476C8D72-B6D0-4221-9277-4608E85C3E7B}.Debug|x86.Build.0 = Debug|Any CPU
		{476C8D72-B6D0-4221-9277-4608E85C3E7B}.Release|Any CPU.ActiveCfg = Release|Any CPU
		{476C8D72-B6D0-4221-9277-4608E85C3E7B}.Release|Any CPU.Build.0 = Release|Any CPU
		{476C8D72-B6D0-4221-9277-4608E85C3E7B}.Release|x64.ActiveCfg = Release|Any CPU
		{476C8D72-B6D0-4221-9277-4608E85C3E7B}.Release|x64.Build.0 = Release|Any CPU
		{476C8D72-B6D0-4221-9277-4608E85C3E7B}.Release|x86.ActiveCfg = Release|Any CPU
		{476C8D72-B6D0-4221-9277-4608E85C3E7B}.Release|x86.Build.0 = Release|Any CPU
		{EF163B2E-27C5-4043-AF2C-5B754A21C76D}.Debug|Any CPU.ActiveCfg = Debug|Any CPU
		{EF163B2E-27C5-4043-AF2C-5B754A21C76D}.Debug|Any CPU.Build.0 = Debug|Any CPU
		{EF163B2E-27C5-4043-AF2C-5B754A21C76D}.Debug|x64.ActiveCfg = Debug|Any CPU
		{EF163B2E-27C5-4043-AF2C-5B754A21C76D}.Debug|x64.Build.0 = Debug|Any CPU
		{EF163B2E-27C5-4043-AF2C-5B754A21C76D}.Debug|x86.ActiveCfg = Debug|Any CPU
		{EF163B2E-27C5-4043-AF2C-5B754A21C76D}.Debug|x86.Build.0 = Debug|Any CPU
		{EF163B2E-27C5-4043-AF2C-5B754A21C76D}.Release|Any CPU.ActiveCfg = Release|Any CPU
		{EF163B2E-27C5-4043-AF2C-5B754A21C76D}.Release|Any CPU.Build.0 = Release|Any CPU
		{EF163B2E-27C5-4043-AF2C-5B754A21C76D}.Release|x64.ActiveCfg = Release|Any CPU
		{EF163B2E-27C5-4043-AF2C-5B754A21C76D}.Release|x64.Build.0 = Release|Any CPU
		{EF163B2E-27C5-4043-AF2C-5B754A21C76D}.Release|x86.ActiveCfg = Release|Any CPU
		{EF163B2E-27C5-4043-AF2C-5B754A21C76D}.Release|x86.Build.0 = Release|Any CPU
		{DCEF2E58-3B1D-4863-A68A-107256E52A27}.Debug|Any CPU.ActiveCfg = Debug|Any CPU
		{DCEF2E58-3B1D-4863-A68A-107256E52A27}.Debug|Any CPU.Build.0 = Debug|Any CPU
		{DCEF2E58-3B1D-4863-A68A-107256E52A27}.Debug|x64.ActiveCfg = Debug|Any CPU
		{DCEF2E58-3B1D-4863-A68A-107256E52A27}.Debug|x64.Build.0 = Debug|Any CPU
		{DCEF2E58-3B1D-4863-A68A-107256E52A27}.Debug|x86.ActiveCfg = Debug|Any CPU
		{DCEF2E58-3B1D-4863-A68A-107256E52A27}.Debug|x86.Build.0 = Debug|Any CPU
		{DCEF2E58-3B1D-4863-A68A-107256E52A27}.Release|Any CPU.ActiveCfg = Release|Any CPU
		{DCEF2E58-3B1D-4863-A68A-107256E52A27}.Release|Any CPU.Build.0 = Release|Any CPU
		{DCEF2E58-3B1D-4863-A68A-107256E52A27}.Release|x64.ActiveCfg = Release|Any CPU
		{DCEF2E58-3B1D-4863-A68A-107256E52A27}.Release|x64.Build.0 = Release|Any CPU
		{DCEF2E58-3B1D-4863-A68A-107256E52A27}.Release|x86.ActiveCfg = Release|Any CPU
		{DCEF2E58-3B1D-4863-A68A-107256E52A27}.Release|x86.Build.0 = Release|Any CPU
		{FD7BB19F-6294-4677-8356-335C7D81AC3E}.Debug|Any CPU.ActiveCfg = Debug|Any CPU
		{FD7BB19F-6294-4677-8356-335C7D81AC3E}.Debug|Any CPU.Build.0 = Debug|Any CPU
		{FD7BB19F-6294-4677-8356-335C7D81AC3E}.Debug|x64.ActiveCfg = Debug|Any CPU
		{FD7BB19F-6294-4677-8356-335C7D81AC3E}.Debug|x64.Build.0 = Debug|Any CPU
		{FD7BB19F-6294-4677-8356-335C7D81AC3E}.Debug|x86.ActiveCfg = Debug|Any CPU
		{FD7BB19F-6294-4677-8356-335C7D81AC3E}.Debug|x86.Build.0 = Debug|Any CPU
		{FD7BB19F-6294-4677-8356-335C7D81AC3E}.Release|Any CPU.ActiveCfg = Release|Any CPU
		{FD7BB19F-6294-4677-8356-335C7D81AC3E}.Release|Any CPU.Build.0 = Release|Any CPU
		{FD7BB19F-6294-4677-8356-335C7D81AC3E}.Release|x64.ActiveCfg = Release|Any CPU
		{FD7BB19F-6294-4677-8356-335C7D81AC3E}.Release|x64.Build.0 = Release|Any CPU
		{FD7BB19F-6294-4677-8356-335C7D81AC3E}.Release|x86.ActiveCfg = Release|Any CPU
		{FD7BB19F-6294-4677-8356-335C7D81AC3E}.Release|x86.Build.0 = Release|Any CPU
		{8BD2AEFD-D668-49A3-86A5-D04E945F5E5A}.Debug|Any CPU.ActiveCfg = Debug|Any CPU
		{8BD2AEFD-D668-49A3-86A5-D04E945F5E5A}.Debug|Any CPU.Build.0 = Debug|Any CPU
		{8BD2AEFD-D668-49A3-86A5-D04E945F5E5A}.Debug|x64.ActiveCfg = Debug|Any CPU
		{8BD2AEFD-D668-49A3-86A5-D04E945F5E5A}.Debug|x64.Build.0 = Debug|Any CPU
		{8BD2AEFD-D668-49A3-86A5-D04E945F5E5A}.Debug|x86.ActiveCfg = Debug|Any CPU
		{8BD2AEFD-D668-49A3-86A5-D04E945F5E5A}.Debug|x86.Build.0 = Debug|Any CPU
		{8BD2AEFD-D668-49A3-86A5-D04E945F5E5A}.Release|Any CPU.ActiveCfg = Release|Any CPU
		{8BD2AEFD-D668-49A3-86A5-D04E945F5E5A}.Release|Any CPU.Build.0 = Release|Any CPU
		{8BD2AEFD-D668-49A3-86A5-D04E945F5E5A}.Release|x64.ActiveCfg = Release|Any CPU
		{8BD2AEFD-D668-49A3-86A5-D04E945F5E5A}.Release|x64.Build.0 = Release|Any CPU
		{8BD2AEFD-D668-49A3-86A5-D04E945F5E5A}.Release|x86.ActiveCfg = Release|Any CPU
		{8BD2AEFD-D668-49A3-86A5-D04E945F5E5A}.Release|x86.Build.0 = Release|Any CPU
		{ACFF99D4-CFA1-47A0-B122-58C055770A6D}.Debug|Any CPU.ActiveCfg = Debug|Any CPU
		{ACFF99D4-CFA1-47A0-B122-58C055770A6D}.Debug|Any CPU.Build.0 = Debug|Any CPU
		{ACFF99D4-CFA1-47A0-B122-58C055770A6D}.Debug|x64.ActiveCfg = Debug|Any CPU
		{ACFF99D4-CFA1-47A0-B122-58C055770A6D}.Debug|x64.Build.0 = Debug|Any CPU
		{ACFF99D4-CFA1-47A0-B122-58C055770A6D}.Debug|x86.ActiveCfg = Debug|Any CPU
		{ACFF99D4-CFA1-47A0-B122-58C055770A6D}.Debug|x86.Build.0 = Debug|Any CPU
		{ACFF99D4-CFA1-47A0-B122-58C055770A6D}.Release|Any CPU.ActiveCfg = Release|Any CPU
		{ACFF99D4-CFA1-47A0-B122-58C055770A6D}.Release|Any CPU.Build.0 = Release|Any CPU
		{ACFF99D4-CFA1-47A0-B122-58C055770A6D}.Release|x64.ActiveCfg = Release|Any CPU
		{ACFF99D4-CFA1-47A0-B122-58C055770A6D}.Release|x64.Build.0 = Release|Any CPU
		{ACFF99D4-CFA1-47A0-B122-58C055770A6D}.Release|x86.ActiveCfg = Release|Any CPU
		{ACFF99D4-CFA1-47A0-B122-58C055770A6D}.Release|x86.Build.0 = Release|Any CPU
		{0A7E975E-D083-4FE8-8747-DE50F530E365}.Debug|Any CPU.ActiveCfg = Debug|Any CPU
		{0A7E975E-D083-4FE8-8747-DE50F530E365}.Debug|Any CPU.Build.0 = Debug|Any CPU
		{0A7E975E-D083-4FE8-8747-DE50F530E365}.Debug|x64.ActiveCfg = Debug|Any CPU
		{0A7E975E-D083-4FE8-8747-DE50F530E365}.Debug|x64.Build.0 = Debug|Any CPU
		{0A7E975E-D083-4FE8-8747-DE50F530E365}.Debug|x86.ActiveCfg = Debug|Any CPU
		{0A7E975E-D083-4FE8-8747-DE50F530E365}.Debug|x86.Build.0 = Debug|Any CPU
		{0A7E975E-D083-4FE8-8747-DE50F530E365}.Release|Any CPU.ActiveCfg = Release|Any CPU
		{0A7E975E-D083-4FE8-8747-DE50F530E365}.Release|Any CPU.Build.0 = Release|Any CPU
		{0A7E975E-D083-4FE8-8747-DE50F530E365}.Release|x64.ActiveCfg = Release|Any CPU
		{0A7E975E-D083-4FE8-8747-DE50F530E365}.Release|x64.Build.0 = Release|Any CPU
		{0A7E975E-D083-4FE8-8747-DE50F530E365}.Release|x86.ActiveCfg = Release|Any CPU
		{0A7E975E-D083-4FE8-8747-DE50F530E365}.Release|x86.Build.0 = Release|Any CPU
		{B7F2E9A1-C8D5-4A3E-9F6B-2D8E7C4A1B2F}.Debug|Any CPU.ActiveCfg = Debug|Any CPU
		{B7F2E9A1-C8D5-4A3E-9F6B-2D8E7C4A1B2F}.Debug|Any CPU.Build.0 = Debug|Any CPU
		{B7F2E9A1-C8D5-4A3E-9F6B-2D8E7C4A1B2F}.Debug|x64.ActiveCfg = Debug|Any CPU
		{B7F2E9A1-C8D5-4A3E-9F6B-2D8E7C4A1B2F}.Debug|x64.Build.0 = Debug|Any CPU
		{B7F2E9A1-C8D5-4A3E-9F6B-2D8E7C4A1B2F}.Debug|x86.ActiveCfg = Debug|Any CPU
		{B7F2E9A1-C8D5-4A3E-9F6B-2D8E7C4A1B2F}.Debug|x86.Build.0 = Debug|Any CPU
		{B7F2E9A1-C8D5-4A3E-9F6B-2D8E7C4A1B2F}.Release|Any CPU.ActiveCfg = Release|Any CPU
		{B7F2E9A1-C8D5-4A3E-9F6B-2D8E7C4A1B2F}.Release|Any CPU.Build.0 = Release|Any CPU
		{B7F2E9A1-C8D5-4A3E-9F6B-2D8E7C4A1B2F}.Release|x64.ActiveCfg = Release|Any CPU
		{B7F2E9A1-C8D5-4A3E-9F6B-2D8E7C4A1B2F}.Release|x64.Build.0 = Release|Any CPU
		{B7F2E9A1-C8D5-4A3E-9F6B-2D8E7C4A1B2F}.Release|x86.ActiveCfg = Release|Any CPU
		{B7F2E9A1-C8D5-4A3E-9F6B-2D8E7C4A1B2F}.Release|x86.Build.0 = Release|Any CPU
		{DE9872D7-6608-4192-994A-0181ED001385}.Debug|Any CPU.ActiveCfg = Debug|Any CPU
		{DE9872D7-6608-4192-994A-0181ED001385}.Debug|Any CPU.Build.0 = Debug|Any CPU
		{DE9872D7-6608-4192-994A-0181ED001385}.Debug|x64.ActiveCfg = Debug|Any CPU
		{DE9872D7-6608-4192-994A-0181ED001385}.Debug|x64.Build.0 = Debug|Any CPU
		{DE9872D7-6608-4192-994A-0181ED001385}.Debug|x86.ActiveCfg = Debug|Any CPU
		{DE9872D7-6608-4192-994A-0181ED001385}.Debug|x86.Build.0 = Debug|Any CPU
		{DE9872D7-6608-4192-994A-0181ED001385}.Release|Any CPU.ActiveCfg = Release|Any CPU
		{DE9872D7-6608-4192-994A-0181ED001385}.Release|Any CPU.Build.0 = Release|Any CPU
		{DE9872D7-6608-4192-994A-0181ED001385}.Release|x64.ActiveCfg = Release|Any CPU
		{DE9872D7-6608-4192-994A-0181ED001385}.Release|x64.Build.0 = Release|Any CPU
		{DE9872D7-6608-4192-994A-0181ED001385}.Release|x86.ActiveCfg = Release|Any CPU
		{DE9872D7-6608-4192-994A-0181ED001385}.Release|x86.Build.0 = Release|Any CPU
		{BA1F39F0-7F64-4C99-BCD6-76C18BA1426F}.Debug|Any CPU.ActiveCfg = Debug|Any CPU
		{BA1F39F0-7F64-4C99-BCD6-76C18BA1426F}.Debug|Any CPU.Build.0 = Debug|Any CPU
		{BA1F39F0-7F64-4C99-BCD6-76C18BA1426F}.Debug|x64.ActiveCfg = Debug|Any CPU
		{BA1F39F0-7F64-4C99-BCD6-76C18BA1426F}.Debug|x64.Build.0 = Debug|Any CPU
		{BA1F39F0-7F64-4C99-BCD6-76C18BA1426F}.Debug|x86.ActiveCfg = Debug|Any CPU
		{BA1F39F0-7F64-4C99-BCD6-76C18BA1426F}.Debug|x86.Build.0 = Debug|Any CPU
		{BA1F39F0-7F64-4C99-BCD6-76C18BA1426F}.Release|Any CPU.ActiveCfg = Release|Any CPU
		{BA1F39F0-7F64-4C99-BCD6-76C18BA1426F}.Release|Any CPU.Build.0 = Release|Any CPU
		{BA1F39F0-7F64-4C99-BCD6-76C18BA1426F}.Release|x64.ActiveCfg = Release|Any CPU
		{BA1F39F0-7F64-4C99-BCD6-76C18BA1426F}.Release|x64.Build.0 = Release|Any CPU
		{BA1F39F0-7F64-4C99-BCD6-76C18BA1426F}.Release|x86.ActiveCfg = Release|Any CPU
		{BA1F39F0-7F64-4C99-BCD6-76C18BA1426F}.Release|x86.Build.0 = Release|Any CPU
		{8857ADEE-0CC7-4235-A8B9-E9D3A52FFE01}.Debug|Any CPU.ActiveCfg = Debug|Any CPU
		{8857ADEE-0CC7-4235-A8B9-E9D3A52FFE01}.Debug|Any CPU.Build.0 = Debug|Any CPU
		{8857ADEE-0CC7-4235-A8B9-E9D3A52FFE01}.Debug|x64.ActiveCfg = Debug|Any CPU
		{8857ADEE-0CC7-4235-A8B9-E9D3A52FFE01}.Debug|x64.Build.0 = Debug|Any CPU
		{8857ADEE-0CC7-4235-A8B9-E9D3A52FFE01}.Debug|x86.ActiveCfg = Debug|Any CPU
		{8857ADEE-0CC7-4235-A8B9-E9D3A52FFE01}.Debug|x86.Build.0 = Debug|Any CPU
		{8857ADEE-0CC7-4235-A8B9-E9D3A52FFE01}.Release|Any CPU.ActiveCfg = Release|Any CPU
		{8857ADEE-0CC7-4235-A8B9-E9D3A52FFE01}.Release|Any CPU.Build.0 = Release|Any CPU
		{8857ADEE-0CC7-4235-A8B9-E9D3A52FFE01}.Release|x64.ActiveCfg = Release|Any CPU
		{8857ADEE-0CC7-4235-A8B9-E9D3A52FFE01}.Release|x64.Build.0 = Release|Any CPU
		{8857ADEE-0CC7-4235-A8B9-E9D3A52FFE01}.Release|x86.ActiveCfg = Release|Any CPU
		{8857ADEE-0CC7-4235-A8B9-E9D3A52FFE01}.Release|x86.Build.0 = Release|Any CPU
		{9577D8BC-2BFB-4F86-95D9-933F98405B47}.Debug|Any CPU.ActiveCfg = Debug|Any CPU
		{9577D8BC-2BFB-4F86-95D9-933F98405B47}.Debug|Any CPU.Build.0 = Debug|Any CPU
		{9577D8BC-2BFB-4F86-95D9-933F98405B47}.Debug|x64.ActiveCfg = Debug|Any CPU
		{9577D8BC-2BFB-4F86-95D9-933F98405B47}.Debug|x64.Build.0 = Debug|Any CPU
		{9577D8BC-2BFB-4F86-95D9-933F98405B47}.Debug|x86.ActiveCfg = Debug|Any CPU
		{9577D8BC-2BFB-4F86-95D9-933F98405B47}.Debug|x86.Build.0 = Debug|Any CPU
		{9577D8BC-2BFB-4F86-95D9-933F98405B47}.Release|Any CPU.ActiveCfg = Release|Any CPU
		{9577D8BC-2BFB-4F86-95D9-933F98405B47}.Release|Any CPU.Build.0 = Release|Any CPU
		{9577D8BC-2BFB-4F86-95D9-933F98405B47}.Release|x64.ActiveCfg = Release|Any CPU
		{9577D8BC-2BFB-4F86-95D9-933F98405B47}.Release|x64.Build.0 = Release|Any CPU
		{9577D8BC-2BFB-4F86-95D9-933F98405B47}.Release|x86.ActiveCfg = Release|Any CPU
		{9577D8BC-2BFB-4F86-95D9-933F98405B47}.Release|x86.Build.0 = Release|Any CPU
		{F9E8D7C6-B5A4-9382-7E6D-5C4B3A291807}.Debug|Any CPU.ActiveCfg = Debug|Any CPU
		{F9E8D7C6-B5A4-9382-7E6D-5C4B3A291807}.Debug|Any CPU.Build.0 = Debug|Any CPU
		{F9E8D7C6-B5A4-9382-7E6D-5C4B3A291807}.Debug|x64.ActiveCfg = Debug|Any CPU
		{F9E8D7C6-B5A4-9382-7E6D-5C4B3A291807}.Debug|x64.Build.0 = Debug|Any CPU
		{F9E8D7C6-B5A4-9382-7E6D-5C4B3A291807}.Debug|x86.ActiveCfg = Debug|Any CPU
		{F9E8D7C6-B5A4-9382-7E6D-5C4B3A291807}.Debug|x86.Build.0 = Debug|Any CPU
		{F9E8D7C6-B5A4-9382-7E6D-5C4B3A291807}.Release|Any CPU.ActiveCfg = Release|Any CPU
		{F9E8D7C6-B5A4-9382-7E6D-5C4B3A291807}.Release|Any CPU.Build.0 = Release|Any CPU
		{F9E8D7C6-B5A4-9382-7E6D-5C4B3A291807}.Release|x64.ActiveCfg = Release|Any CPU
		{F9E8D7C6-B5A4-9382-7E6D-5C4B3A291807}.Release|x64.Build.0 = Release|Any CPU
		{F9E8D7C6-B5A4-9382-7E6D-5C4B3A291807}.Release|x86.ActiveCfg = Release|Any CPU
		{F9E8D7C6-B5A4-9382-7E6D-5C4B3A291807}.Release|x86.Build.0 = Release|Any CPU
		{E8A3F5D2-B9C7-4E1A-8D6F-3C5A2B4E9F8A}.Debug|Any CPU.ActiveCfg = Debug|Any CPU
		{E8A3F5D2-B9C7-4E1A-8D6F-3C5A2B4E9F8A}.Debug|Any CPU.Build.0 = Debug|Any CPU
		{E8A3F5D2-B9C7-4E1A-8D6F-3C5A2B4E9F8A}.Debug|x64.ActiveCfg = Debug|Any CPU
		{E8A3F5D2-B9C7-4E1A-8D6F-3C5A2B4E9F8A}.Debug|x64.Build.0 = Debug|Any CPU
		{E8A3F5D2-B9C7-4E1A-8D6F-3C5A2B4E9F8A}.Debug|x86.ActiveCfg = Debug|Any CPU
		{E8A3F5D2-B9C7-4E1A-8D6F-3C5A2B4E9F8A}.Debug|x86.Build.0 = Debug|Any CPU
		{E8A3F5D2-B9C7-4E1A-8D6F-3C5A2B4E9F8A}.Release|Any CPU.ActiveCfg = Release|Any CPU
		{E8A3F5D2-B9C7-4E1A-8D6F-3C5A2B4E9F8A}.Release|Any CPU.Build.0 = Release|Any CPU
		{E8A3F5D2-B9C7-4E1A-8D6F-3C5A2B4E9F8A}.Release|x64.ActiveCfg = Release|Any CPU
		{E8A3F5D2-B9C7-4E1A-8D6F-3C5A2B4E9F8A}.Release|x64.Build.0 = Release|Any CPU
		{E8A3F5D2-B9C7-4E1A-8D6F-3C5A2B4E9F8A}.Release|x86.ActiveCfg = Release|Any CPU
		{E8A3F5D2-B9C7-4E1A-8D6F-3C5A2B4E9F8A}.Release|x86.Build.0 = Release|Any CPU
		{4D4E4D89-19EE-43E9-A6BA-B19F3EEAA93F}.Debug|Any CPU.ActiveCfg = Debug|Any CPU
		{4D4E4D89-19EE-43E9-A6BA-B19F3EEAA93F}.Debug|Any CPU.Build.0 = Debug|Any CPU
		{4D4E4D89-19EE-43E9-A6BA-B19F3EEAA93F}.Debug|x64.ActiveCfg = Debug|Any CPU
		{4D4E4D89-19EE-43E9-A6BA-B19F3EEAA93F}.Debug|x64.Build.0 = Debug|Any CPU
		{4D4E4D89-19EE-43E9-A6BA-B19F3EEAA93F}.Debug|x86.ActiveCfg = Debug|Any CPU
		{4D4E4D89-19EE-43E9-A6BA-B19F3EEAA93F}.Debug|x86.Build.0 = Debug|Any CPU
		{4D4E4D89-19EE-43E9-A6BA-B19F3EEAA93F}.Release|Any CPU.ActiveCfg = Release|Any CPU
		{4D4E4D89-19EE-43E9-A6BA-B19F3EEAA93F}.Release|Any CPU.Build.0 = Release|Any CPU
		{4D4E4D89-19EE-43E9-A6BA-B19F3EEAA93F}.Release|x64.ActiveCfg = Release|Any CPU
		{4D4E4D89-19EE-43E9-A6BA-B19F3EEAA93F}.Release|x64.Build.0 = Release|Any CPU
		{4D4E4D89-19EE-43E9-A6BA-B19F3EEAA93F}.Release|x86.ActiveCfg = Release|Any CPU
		{4D4E4D89-19EE-43E9-A6BA-B19F3EEAA93F}.Release|x86.Build.0 = Release|Any CPU
		{EC2EEF70-40D4-4BE9-9FE6-94EB66C75D5A}.Debug|Any CPU.ActiveCfg = Debug|Any CPU
		{EC2EEF70-40D4-4BE9-9FE6-94EB66C75D5A}.Debug|Any CPU.Build.0 = Debug|Any CPU
		{EC2EEF70-40D4-4BE9-9FE6-94EB66C75D5A}.Debug|x64.ActiveCfg = Debug|Any CPU
		{EC2EEF70-40D4-4BE9-9FE6-94EB66C75D5A}.Debug|x64.Build.0 = Debug|Any CPU
		{EC2EEF70-40D4-4BE9-9FE6-94EB66C75D5A}.Debug|x86.ActiveCfg = Debug|Any CPU
		{EC2EEF70-40D4-4BE9-9FE6-94EB66C75D5A}.Debug|x86.Build.0 = Debug|Any CPU
		{EC2EEF70-40D4-4BE9-9FE6-94EB66C75D5A}.Release|Any CPU.ActiveCfg = Release|Any CPU
		{EC2EEF70-40D4-4BE9-9FE6-94EB66C75D5A}.Release|Any CPU.Build.0 = Release|Any CPU
		{EC2EEF70-40D4-4BE9-9FE6-94EB66C75D5A}.Release|x64.ActiveCfg = Release|Any CPU
		{EC2EEF70-40D4-4BE9-9FE6-94EB66C75D5A}.Release|x64.Build.0 = Release|Any CPU
		{EC2EEF70-40D4-4BE9-9FE6-94EB66C75D5A}.Release|x86.ActiveCfg = Release|Any CPU
		{EC2EEF70-40D4-4BE9-9FE6-94EB66C75D5A}.Release|x86.Build.0 = Release|Any CPU
		{2CD19517-85B7-4B6A-9A8C-C8232967B77E}.Debug|Any CPU.ActiveCfg = Debug|Any CPU
		{2CD19517-85B7-4B6A-9A8C-C8232967B77E}.Debug|Any CPU.Build.0 = Debug|Any CPU
		{2CD19517-85B7-4B6A-9A8C-C8232967B77E}.Debug|x64.ActiveCfg = Debug|Any CPU
		{2CD19517-85B7-4B6A-9A8C-C8232967B77E}.Debug|x64.Build.0 = Debug|Any CPU
		{2CD19517-85B7-4B6A-9A8C-C8232967B77E}.Debug|x86.ActiveCfg = Debug|Any CPU
		{2CD19517-85B7-4B6A-9A8C-C8232967B77E}.Debug|x86.Build.0 = Debug|Any CPU
		{2CD19517-85B7-4B6A-9A8C-C8232967B77E}.Release|Any CPU.ActiveCfg = Release|Any CPU
		{2CD19517-85B7-4B6A-9A8C-C8232967B77E}.Release|Any CPU.Build.0 = Release|Any CPU
		{2CD19517-85B7-4B6A-9A8C-C8232967B77E}.Release|x64.ActiveCfg = Release|Any CPU
		{2CD19517-85B7-4B6A-9A8C-C8232967B77E}.Release|x64.Build.0 = Release|Any CPU
		{2CD19517-85B7-4B6A-9A8C-C8232967B77E}.Release|x86.ActiveCfg = Release|Any CPU
		{2CD19517-85B7-4B6A-9A8C-C8232967B77E}.Release|x86.Build.0 = Release|Any CPU
		{6AF88929-97A3-490F-9737-9503630AD97C}.Debug|Any CPU.ActiveCfg = Debug|Any CPU
		{6AF88929-97A3-490F-9737-9503630AD97C}.Debug|Any CPU.Build.0 = Debug|Any CPU
		{6AF88929-97A3-490F-9737-9503630AD97C}.Debug|x64.ActiveCfg = Debug|Any CPU
		{6AF88929-97A3-490F-9737-9503630AD97C}.Debug|x64.Build.0 = Debug|Any CPU
		{6AF88929-97A3-490F-9737-9503630AD97C}.Debug|x86.ActiveCfg = Debug|Any CPU
		{6AF88929-97A3-490F-9737-9503630AD97C}.Debug|x86.Build.0 = Debug|Any CPU
		{6AF88929-97A3-490F-9737-9503630AD97C}.Release|Any CPU.ActiveCfg = Release|Any CPU
		{6AF88929-97A3-490F-9737-9503630AD97C}.Release|Any CPU.Build.0 = Release|Any CPU
		{6AF88929-97A3-490F-9737-9503630AD97C}.Release|x64.ActiveCfg = Release|Any CPU
		{6AF88929-97A3-490F-9737-9503630AD97C}.Release|x64.Build.0 = Release|Any CPU
		{6AF88929-97A3-490F-9737-9503630AD97C}.Release|x86.ActiveCfg = Release|Any CPU
		{6AF88929-97A3-490F-9737-9503630AD97C}.Release|x86.Build.0 = Release|Any CPU
		{5B90AFA5-57FB-4308-8413-36193AE4E1E3}.Debug|Any CPU.ActiveCfg = Debug|Any CPU
		{5B90AFA5-57FB-4308-8413-36193AE4E1E3}.Debug|Any CPU.Build.0 = Debug|Any CPU
		{5B90AFA5-57FB-4308-8413-36193AE4E1E3}.Debug|x64.ActiveCfg = Debug|Any CPU
		{5B90AFA5-57FB-4308-8413-36193AE4E1E3}.Debug|x64.Build.0 = Debug|Any CPU
		{5B90AFA5-57FB-4308-8413-36193AE4E1E3}.Debug|x86.ActiveCfg = Debug|Any CPU
		{5B90AFA5-57FB-4308-8413-36193AE4E1E3}.Debug|x86.Build.0 = Debug|Any CPU
		{5B90AFA5-57FB-4308-8413-36193AE4E1E3}.Release|Any CPU.ActiveCfg = Release|Any CPU
		{5B90AFA5-57FB-4308-8413-36193AE4E1E3}.Release|Any CPU.Build.0 = Release|Any CPU
		{5B90AFA5-57FB-4308-8413-36193AE4E1E3}.Release|x64.ActiveCfg = Release|Any CPU
		{5B90AFA5-57FB-4308-8413-36193AE4E1E3}.Release|x64.Build.0 = Release|Any CPU
		{5B90AFA5-57FB-4308-8413-36193AE4E1E3}.Release|x86.ActiveCfg = Release|Any CPU
		{5B90AFA5-57FB-4308-8413-36193AE4E1E3}.Release|x86.Build.0 = Release|Any CPU
		{19A001A7-E7EA-4943-A68A-BE4E46B8542C}.Debug|Any CPU.ActiveCfg = Debug|Any CPU
		{19A001A7-E7EA-4943-A68A-BE4E46B8542C}.Debug|Any CPU.Build.0 = Debug|Any CPU
		{19A001A7-E7EA-4943-A68A-BE4E46B8542C}.Debug|x64.ActiveCfg = Debug|Any CPU
		{19A001A7-E7EA-4943-A68A-BE4E46B8542C}.Debug|x64.Build.0 = Debug|Any CPU
		{19A001A7-E7EA-4943-A68A-BE4E46B8542C}.Debug|x86.ActiveCfg = Debug|Any CPU
		{19A001A7-E7EA-4943-A68A-BE4E46B8542C}.Debug|x86.Build.0 = Debug|Any CPU
		{19A001A7-E7EA-4943-A68A-BE4E46B8542C}.Release|Any CPU.ActiveCfg = Release|Any CPU
		{19A001A7-E7EA-4943-A68A-BE4E46B8542C}.Release|Any CPU.Build.0 = Release|Any CPU
		{19A001A7-E7EA-4943-A68A-BE4E46B8542C}.Release|x64.ActiveCfg = Release|Any CPU
		{19A001A7-E7EA-4943-A68A-BE4E46B8542C}.Release|x64.Build.0 = Release|Any CPU
		{19A001A7-E7EA-4943-A68A-BE4E46B8542C}.Release|x86.ActiveCfg = Release|Any CPU
		{19A001A7-E7EA-4943-A68A-BE4E46B8542C}.Release|x86.Build.0 = Release|Any CPU
		{30B8E7F8-C8BF-4F36-A508-94F1E91513AA}.Debug|Any CPU.ActiveCfg = Debug|Any CPU
		{30B8E7F8-C8BF-4F36-A508-94F1E91513AA}.Debug|Any CPU.Build.0 = Debug|Any CPU
		{30B8E7F8-C8BF-4F36-A508-94F1E91513AA}.Debug|x64.ActiveCfg = Debug|Any CPU
		{30B8E7F8-C8BF-4F36-A508-94F1E91513AA}.Debug|x64.Build.0 = Debug|Any CPU
		{30B8E7F8-C8BF-4F36-A508-94F1E91513AA}.Debug|x86.ActiveCfg = Debug|Any CPU
		{30B8E7F8-C8BF-4F36-A508-94F1E91513AA}.Debug|x86.Build.0 = Debug|Any CPU
		{30B8E7F8-C8BF-4F36-A508-94F1E91513AA}.Release|Any CPU.ActiveCfg = Release|Any CPU
		{30B8E7F8-C8BF-4F36-A508-94F1E91513AA}.Release|Any CPU.Build.0 = Release|Any CPU
		{30B8E7F8-C8BF-4F36-A508-94F1E91513AA}.Release|x64.ActiveCfg = Release|Any CPU
		{30B8E7F8-C8BF-4F36-A508-94F1E91513AA}.Release|x64.Build.0 = Release|Any CPU
		{30B8E7F8-C8BF-4F36-A508-94F1E91513AA}.Release|x86.ActiveCfg = Release|Any CPU
		{30B8E7F8-C8BF-4F36-A508-94F1E91513AA}.Release|x86.Build.0 = Release|Any CPU
		{01D08D80-1F1D-4FA8-B568-08DA3FD266C3}.Debug|Any CPU.ActiveCfg = Debug|Any CPU
		{01D08D80-1F1D-4FA8-B568-08DA3FD266C3}.Debug|Any CPU.Build.0 = Debug|Any CPU
		{01D08D80-1F1D-4FA8-B568-08DA3FD266C3}.Debug|x64.ActiveCfg = Debug|Any CPU
		{01D08D80-1F1D-4FA8-B568-08DA3FD266C3}.Debug|x64.Build.0 = Debug|Any CPU
		{01D08D80-1F1D-4FA8-B568-08DA3FD266C3}.Debug|x86.ActiveCfg = Debug|Any CPU
		{01D08D80-1F1D-4FA8-B568-08DA3FD266C3}.Debug|x86.Build.0 = Debug|Any CPU
		{01D08D80-1F1D-4FA8-B568-08DA3FD266C3}.Release|Any CPU.ActiveCfg = Release|Any CPU
		{01D08D80-1F1D-4FA8-B568-08DA3FD266C3}.Release|Any CPU.Build.0 = Release|Any CPU
		{01D08D80-1F1D-4FA8-B568-08DA3FD266C3}.Release|x64.ActiveCfg = Release|Any CPU
		{01D08D80-1F1D-4FA8-B568-08DA3FD266C3}.Release|x64.Build.0 = Release|Any CPU
		{01D08D80-1F1D-4FA8-B568-08DA3FD266C3}.Release|x86.ActiveCfg = Release|Any CPU
		{01D08D80-1F1D-4FA8-B568-08DA3FD266C3}.Release|x86.Build.0 = Release|Any CPU
		{EFADCA13-6C88-4A23-B0A2-FA3832E24AEE}.Debug|Any CPU.ActiveCfg = Debug|Any CPU
		{EFADCA13-6C88-4A23-B0A2-FA3832E24AEE}.Debug|Any CPU.Build.0 = Debug|Any CPU
		{EFADCA13-6C88-4A23-B0A2-FA3832E24AEE}.Debug|x64.ActiveCfg = Debug|Any CPU
		{EFADCA13-6C88-4A23-B0A2-FA3832E24AEE}.Debug|x64.Build.0 = Debug|Any CPU
		{EFADCA13-6C88-4A23-B0A2-FA3832E24AEE}.Debug|x86.ActiveCfg = Debug|Any CPU
		{EFADCA13-6C88-4A23-B0A2-FA3832E24AEE}.Debug|x86.Build.0 = Debug|Any CPU
		{EFADCA13-6C88-4A23-B0A2-FA3832E24AEE}.Release|Any CPU.ActiveCfg = Release|Any CPU
		{EFADCA13-6C88-4A23-B0A2-FA3832E24AEE}.Release|Any CPU.Build.0 = Release|Any CPU
		{EFADCA13-6C88-4A23-B0A2-FA3832E24AEE}.Release|x64.ActiveCfg = Release|Any CPU
		{EFADCA13-6C88-4A23-B0A2-FA3832E24AEE}.Release|x64.Build.0 = Release|Any CPU
		{EFADCA13-6C88-4A23-B0A2-FA3832E24AEE}.Release|x86.ActiveCfg = Release|Any CPU
		{EFADCA13-6C88-4A23-B0A2-FA3832E24AEE}.Release|x86.Build.0 = Release|Any CPU
		{D6B94299-1427-4DF3-B0D1-C930B4A792BC}.Debug|Any CPU.ActiveCfg = Debug|Any CPU
		{D6B94299-1427-4DF3-B0D1-C930B4A792BC}.Debug|Any CPU.Build.0 = Debug|Any CPU
		{D6B94299-1427-4DF3-B0D1-C930B4A792BC}.Debug|x64.ActiveCfg = Debug|Any CPU
		{D6B94299-1427-4DF3-B0D1-C930B4A792BC}.Debug|x64.Build.0 = Debug|Any CPU
		{D6B94299-1427-4DF3-B0D1-C930B4A792BC}.Debug|x86.ActiveCfg = Debug|Any CPU
		{D6B94299-1427-4DF3-B0D1-C930B4A792BC}.Debug|x86.Build.0 = Debug|Any CPU
		{D6B94299-1427-4DF3-B0D1-C930B4A792BC}.Release|Any CPU.ActiveCfg = Release|Any CPU
		{D6B94299-1427-4DF3-B0D1-C930B4A792BC}.Release|Any CPU.Build.0 = Release|Any CPU
		{D6B94299-1427-4DF3-B0D1-C930B4A792BC}.Release|x64.ActiveCfg = Release|Any CPU
		{D6B94299-1427-4DF3-B0D1-C930B4A792BC}.Release|x64.Build.0 = Release|Any CPU
		{D6B94299-1427-4DF3-B0D1-C930B4A792BC}.Release|x86.ActiveCfg = Release|Any CPU
		{D6B94299-1427-4DF3-B0D1-C930B4A792BC}.Release|x86.Build.0 = Release|Any CPU
	EndGlobalSection
	GlobalSection(SolutionProperties) = preSolution
		HideSolutionNode = FALSE
	EndGlobalSection
	GlobalSection(NestedProjects) = preSolution
		{DCEF2E58-3B1D-4863-A68A-107256E52A27} = {B9A8F3E2-1D7C-4A9B-8E5F-3C2A1B9D8E7F}
		{FD7BB19F-6294-4677-8356-335C7D81AC3E} = {D40D48B1-0496-43E0-AB90-6A7CD0C2BEA5}
		{8BD2AEFD-D668-49A3-86A5-D04E945F5E5A} = {FCD086E0-FD3A-BC65-F7BF-DA3144B3035E}
		{ACFF99D4-CFA1-47A0-B122-58C055770A6D} = {C5F8A9B3-2E7D-4F6A-9C8B-1D3E5F7A9B2C}
		{0A7E975E-D083-4FE8-8747-DE50F530E365} = {E1F2A3B4-C5D6-7E8F-9A0B-1C2D3E4F5A6B}
		{B7F2E9A1-C8D5-4A3E-9F6B-2D8E7C4A1B2F} = {3B8F3477-0754-4892-B43E-36FE144A7508}
		{FCD086E0-FD3A-BC65-F7BF-DA3144B3035E} = {7F030AAB-9352-4BF4-AA1F-432476425C2E}
		{B9A8F3E2-1D7C-4A9B-8E5F-3C2A1B9D8E7F} = {7F030AAB-9352-4BF4-AA1F-432476425C2E}
		{DE9872D7-6608-4192-994A-0181ED001385} = {FCD086E0-FD3A-BC65-F7BF-DA3144B3035E}
		{BA1F39F0-7F64-4C99-BCD6-76C18BA1426F} = {D40D48B1-0496-43E0-AB90-6A7CD0C2BEA5}
		{8857ADEE-0CC7-4235-A8B9-E9D3A52FFE01} = {B9A8F3E2-1D7C-4A9B-8E5F-3C2A1B9D8E7F}
		{D40D48B1-0496-43E0-AB90-6A7CD0C2BEA5} = {7F030AAB-9352-4BF4-AA1F-432476425C2E}
		{C5F8A9B3-2E7D-4F6A-9C8B-1D3E5F7A9B2C} = {7F030AAB-9352-4BF4-AA1F-432476425C2E}
		{9577D8BC-2BFB-4F86-95D9-933F98405B47} = {C5F8A9B3-2E7D-4F6A-9C8B-1D3E5F7A9B2C}
		{E1F2A3B4-C5D6-7E8F-9A0B-1C2D3E4F5A6B} = {7F030AAB-9352-4BF4-AA1F-432476425C2E}
		{F9E8D7C6-B5A4-9382-7E6D-5C4B3A291807} = {E1F2A3B4-C5D6-7E8F-9A0B-1C2D3E4F5A6B}
		{E8A3F5D2-B9C7-4E1A-8D6F-3C5A2B4E9F8A} = {3B8F3477-0754-4892-B43E-36FE144A7508}
		{3B8F3477-0754-4892-B43E-36FE144A7508} = {7F030AAB-9352-4BF4-AA1F-432476425C2E}
		{EC2EEF70-40D4-4BE9-9FE6-94EB66C75D5A} = {D1F4B0A2-76F7-49B0-A837-37DF5FF91181}
		{2CD19517-85B7-4B6A-9A8C-C8232967B77E} = {D1F4B0A2-76F7-49B0-A837-37DF5FF91181}
		{D1F4B0A2-76F7-49B0-A837-37DF5FF91181} = {7F030AAB-9352-4BF4-AA1F-432476425C2E}
		{6AF88929-97A3-490F-9737-9503630AD97C} = {78999C2D-F421-4004-A477-FB5715DFDFD8}
		{5B90AFA5-57FB-4308-8413-36193AE4E1E3} = {0F1DDEFE-F427-4347-B508-B7FCF9D52670}
		{19A001A7-E7EA-4943-A68A-BE4E46B8542C} = {85D2EB5B-9DA8-4E16-B0EA-17B636D46C24}
		{78999C2D-F421-4004-A477-FB5715DFDFD8} = {7F030AAB-9352-4BF4-AA1F-432476425C2E}
		{0F1DDEFE-F427-4347-B508-B7FCF9D52670} = {7F030AAB-9352-4BF4-AA1F-432476425C2E}
		{85D2EB5B-9DA8-4E16-B0EA-17B636D46C24} = {7F030AAB-9352-4BF4-AA1F-432476425C2E}
		{30B8E7F8-C8BF-4F36-A508-94F1E91513AA} = {78999C2D-F421-4004-A477-FB5715DFDFD8}
		{01D08D80-1F1D-4FA8-B568-08DA3FD266C3} = {0F1DDEFE-F427-4347-B508-B7FCF9D52670}
		{EFADCA13-6C88-4A23-B0A2-FA3832E24AEE} = {85D2EB5B-9DA8-4E16-B0EA-17B636D46C24}
	EndGlobalSection
	GlobalSection(ExtensibilityGlobals) = postSolution
		SolutionGuid = {B6C0BAFE-1FF7-4FD1-B86F-7A62E4F69FB0}
	EndGlobalSection
EndGlobal
